// !$*UTF8*$!
{
	archiveVersion = 1;
	classes = {
	};
	objectVersion = 56;
	objects = {

/* Begin PBXBuildFile section */
		E9C08BC02C8B21C000DCA1CE /* VaskApp.swift in Sources */ = {isa = PBXBuildFile; fileRef = E9C08BBF2C8B21C000DCA1CE /* VaskApp.swift */; };
		E9C08BC22C8B21C000DCA1CE /* ContentView.swift in Sources */ = {isa = PBXBuildFile; fileRef = E9C08BC12C8B21C000DCA1CE /* ContentView.swift */; };
		E9C08BC42C8B21C100DCA1CE /* Assets.xcassets in Resources */ = {isa = PBXBuildFile; fileRef = E9C08BC32C8B21C100DCA1CE /* Assets.xcassets */; };
		E9C08BC72C8B21C100DCA1CE /* Preview Assets.xcassets in Resources */ = {isa = PBXBuildFile; fileRef = E9C08BC62C8B21C100DCA1CE /* Preview Assets.xcassets */; };
		E9C08BD12C8B21C100DCA1CE /* VaskTests.swift in Sources */ = {isa = PBXBuildFile; fileRef = E9C08BD02C8B21C100DCA1CE /* VaskTests.swift */; };
		E9C08BDB2C8B21C100DCA1CE /* VaskUITests.swift in Sources */ = {isa = PBXBuildFile; fileRef = E9C08BDA2C8B21C100DCA1CE /* VaskUITests.swift */; };
		E9C08BDD2C8B21C100DCA1CE /* VaskUITestsLaunchTests.swift in Sources */ = {isa = PBXBuildFile; fileRef = E9C08BDC2C8B21C100DCA1CE /* VaskUITestsLaunchTests.swift */; };
/* End PBXBuildFile section */

/* Begin PBXContainerItemProxy section */
		E9C08BCD2C8B21C100DCA1CE /* PBXContainerItemProxy */ = {
			isa = PBXContainerItemProxy;
			containerPortal = E9C08BB42C8B21C000DCA1CE /* Project object */;
			proxyType = 1;
			remoteGlobalIDString = E9C08BBB2C8B21C000DCA1CE;
			remoteInfo = Vask;
		};
		E9C08BD72C8B21C100DCA1CE /* PBXContainerItemProxy */ = {
			isa = PBXContainerItemProxy;
			containerPortal = E9C08BB42C8B21C000DCA1CE /* Project object */;
			proxyType = 1;
			remoteGlobalIDString = E9C08BBB2C8B21C000DCA1CE;
			remoteInfo = Vask;
		};
/* End PBXContainerItemProxy section */

/* Begin PBXFileReference section */
		E9C08BBC2C8B21C000DCA1CE /* Vask.app */ = {isa = PBXFileReference; explicitFileType = wrapper.application; includeInIndex = 0; path = Vask.app; sourceTree = BUILT_PRODUCTS_DIR; };
		E9C08BBF2C8B21C000DCA1CE /* VaskApp.swift */ = {isa = PBXFileReference; lastKnownFileType = sourcecode.swift; path = VaskApp.swift; sourceTree = "<group>"; };
		E9C08BC12C8B21C000DCA1CE /* ContentView.swift */ = {isa = PBXFileReference; lastKnownFileType = sourcecode.swift; path = ContentView.swift; sourceTree = "<group>"; };
		E9C08BC32C8B21C100DCA1CE /* Assets.xcassets */ = {isa = PBXFileReference; lastKnownFileType = folder.assetcatalog; path = Assets.xcassets; sourceTree = "<group>"; };
		E9C08BC62C8B21C100DCA1CE /* Preview Assets.xcassets */ = {isa = PBXFileReference; lastKnownFileType = folder.assetcatalog; path = "Preview Assets.xcassets"; sourceTree = "<group>"; };
		E9C08BCC2C8B21C100DCA1CE /* VaskTests.xctest */ = {isa = PBXFileReference; explicitFileType = wrapper.cfbundle; includeInIndex = 0; path = VaskTests.xctest; sourceTree = BUILT_PRODUCTS_DIR; };
		E9C08BD02C8B21C100DCA1CE /* VaskTests.swift */ = {isa = PBXFileReference; lastKnownFileType = sourcecode.swift; path = VaskTests.swift; sourceTree = "<group>"; };
		E9C08BD62C8B21C100DCA1CE /* VaskUITests.xctest */ = {isa = PBXFileReference; explicitFileType = wrapper.cfbundle; includeInIndex = 0; path = VaskUITests.xctest; sourceTree = BUILT_PRODUCTS_DIR; };
		E9C08BDA2C8B21C100DCA1CE /* VaskUITests.swift */ = {isa = PBXFileReference; lastKnownFileType = sourcecode.swift; path = VaskUITests.swift; sourceTree = "<group>"; };
		E9C08BDC2C8B21C100DCA1CE /* VaskUITestsLaunchTests.swift */ = {isa = PBXFileReference; lastKnownFileType = sourcecode.swift; path = VaskUITestsLaunchTests.swift; sourceTree = "<group>"; };
/* End PBXFileReference section */

/* Begin PBXFrameworksBuildPhase section */
		E9C08BB92C8B21C000DCA1CE /* Frameworks */ = {
			isa = PBXFrameworksBuildPhase;
			buildActionMask = 2147483647;
			files = (
			);
			runOnlyForDeploymentPostprocessing = 0;
		};
		E9C08BC92C8B21C100DCA1CE /* Frameworks */ = {
			isa = PBXFrameworksBuildPhase;
			buildActionMask = 2147483647;
			files = (
			);
			runOnlyForDeploymentPostprocessing = 0;
		};
		E9C08BD32C8B21C100DCA1CE /* Frameworks */ = {
			isa = PBXFrameworksBuildPhase;
			buildActionMask = 2147483647;
			files = (
			);
			runOnlyForDeploymentPostprocessing = 0;
		};
/* End PBXFrameworksBuildPhase section */

/* Begin PBXGroup section */
		E9C08BB32C8B21C000DCA1CE = {
			isa = PBXGroup;
			children = (
				E9C08BBE2C8B21C000DCA1CE /* Vask */,
				E9C08BCF2C8B21C100DCA1CE /* VaskTests */,
				E9C08BD92C8B21C100DCA1CE /* VaskUITests */,
				E9C08BBD2C8B21C000DCA1CE /* Products */,
			);
			sourceTree = "<group>";
		};
		E9C08BBD2C8B21C000DCA1CE /* Products */ = {
			isa = PBXGroup;
			children = (
				E9C08BBC2C8B21C000DCA1CE /* Vask.app */,
				E9C08BCC2C8B21C100DCA1CE /* VaskTests.xctest */,
				E9C08BD62C8B21C100DCA1CE /* VaskUITests.xctest */,
			);
			name = Products;
			sourceTree = "<group>";
		};
		E9C08BBE2C8B21C000DCA1CE /* Vask */ = {
			isa = PBXGroup;
			children = (
				E9C08BBF2C8B21C000DCA1CE /* VaskApp.swift */,
				E9C08BC12C8B21C000DCA1CE /* ContentView.swift */,
				E9C08BC32C8B21C100DCA1CE /* Assets.xcassets */,
				E9C08BC52C8B21C100DCA1CE /* Preview Content */,
			);
			path = Vask;
			sourceTree = "<group>";
		};
		E9C08BC52C8B21C100DCA1CE /* Preview Content */ = {
			isa = PBXGroup;
			children = (
				E9C08BC62C8B21C100DCA1CE /* Preview Assets.xcassets */,
			);
			path = "Preview Content";
			sourceTree = "<group>";
		};
		E9C08BCF2C8B21C100DCA1CE /* VaskTests */ = {
			isa = PBXGroup;
			children = (
				E9C08BD02C8B21C100DCA1CE /* VaskTests.swift */,
			);
			path = VaskTests;
			sourceTree = "<group>";
		};
		E9C08BD92C8B21C100DCA1CE /* VaskUITests */ = {
			isa = PBXGroup;
			children = (
				E9C08BDA2C8B21C100DCA1CE /* VaskUITests.swift */,
				E9C08BDC2C8B21C100DCA1CE /* VaskUITestsLaunchTests.swift */,
			);
			path = VaskUITests;
			sourceTree = "<group>";
		};
/* End PBXGroup section */

/* Begin PBXNativeTarget section */
		E9C08BBB2C8B21C000DCA1CE /* Vask */ = {
			isa = PBXNativeTarget;
			buildConfigurationList = E9C08BE02C8B21C100DCA1CE /* Build configuration list for PBXNativeTarget "Vask" */;
			buildPhases = (
				E9C08BB82C8B21C000DCA1CE /* Sources */,
				E9C08BB92C8B21C000DCA1CE /* Frameworks */,
				E9C08BBA2C8B21C000DCA1CE /* Resources */,
			);
			buildRules = (
			);
			dependencies = (
			);
			name = Vask;
			productName = Vask;
			productReference = E9C08BBC2C8B21C000DCA1CE /* Vask.app */;
			productType = "com.apple.product-type.application";
		};
		E9C08BCB2C8B21C100DCA1CE /* VaskTests */ = {
			isa = PBXNativeTarget;
			buildConfigurationList = E9C08BE32C8B21C100DCA1CE /* Build configuration list for PBXNativeTarget "VaskTests" */;
			buildPhases = (
				E9C08BC82C8B21C100DCA1CE /* Sources */,
				E9C08BC92C8B21C100DCA1CE /* Frameworks */,
				E9C08BCA2C8B21C100DCA1CE /* Resources */,
			);
			buildRules = (
			);
			dependencies = (
				E9C08BCE2C8B21C100DCA1CE /* PBXTargetDependency */,
			);
			name = VaskTests;
			productName = VaskTests;
			productReference = E9C08BCC2C8B21C100DCA1CE /* VaskTests.xctest */;
			productType = "com.apple.product-type.bundle.unit-test";
		};
		E9C08BD52C8B21C100DCA1CE /* VaskUITests */ = {
			isa = PBXNativeTarget;
			buildConfigurationList = E9C08BE62C8B21C100DCA1CE /* Build configuration list for PBXNativeTarget "VaskUITests" */;
			buildPhases = (
				E9C08BD22C8B21C100DCA1CE /* Sources */,
				E9C08BD32C8B21C100DCA1CE /* Frameworks */,
				E9C08BD42C8B21C100DCA1CE /* Resources */,
			);
			buildRules = (
			);
			dependencies = (
				E9C08BD82C8B21C100DCA1CE /* PBXTargetDependency */,
			);
			name = VaskUITests;
			productName = VaskUITests;
			productReference = E9C08BD62C8B21C100DCA1CE /* VaskUITests.xctest */;
			productType = "com.apple.product-type.bundle.ui-testing";
		};
/* End PBXNativeTarget section */

/* Begin PBXProject section */
		E9C08BB42C8B21C000DCA1CE /* Project object */ = {
			isa = PBXProject;
			attributes = {
				BuildIndependentTargetsInParallel = 1;
				LastSwiftUpdateCheck = 1530;
				LastUpgradeCheck = 1530;
				TargetAttributes = {
					E9C08BBB2C8B21C000DCA1CE = {
						CreatedOnToolsVersion = 15.3;
					};
					E9C08BCB2C8B21C100DCA1CE = {
						CreatedOnToolsVersion = 15.3;
						TestTargetID = E9C08BBB2C8B21C000DCA1CE;
					};
					E9C08BD52C8B21C100DCA1CE = {
						CreatedOnToolsVersion = 15.3;
						TestTargetID = E9C08BBB2C8B21C000DCA1CE;
					};
				};
			};
			buildConfigurationList = E9C08BB72C8B21C000DCA1CE /* Build configuration list for PBXProject "Vask" */;
			compatibilityVersion = "Xcode 14.0";
			developmentRegion = en;
			hasScannedForEncodings = 0;
			knownRegions = (
				en,
				Base,
			);
			mainGroup = E9C08BB32C8B21C000DCA1CE;
			productRefGroup = E9C08BBD2C8B21C000DCA1CE /* Products */;
			projectDirPath = "";
			projectRoot = "";
			targets = (
				E9C08BBB2C8B21C000DCA1CE /* Vask */,
				E9C08BCB2C8B21C100DCA1CE /* VaskTests */,
				E9C08BD52C8B21C100DCA1CE /* VaskUITests */,
			);
		};
/* End PBXProject section */

/* Begin PBXResourcesBuildPhase section */
		E9C08BBA2C8B21C000DCA1CE /* Resources */ = {
			isa = PBXResourcesBuildPhase;
			buildActionMask = 2147483647;
			files = (
				E9C08BC72C8B21C100DCA1CE /* Preview Assets.xcassets in Resources */,
				E9C08BC42C8B21C100DCA1CE /* Assets.xcassets in Resources */,
			);
			runOnlyForDeploymentPostprocessing = 0;
		};
		E9C08BCA2C8B21C100DCA1CE /* Resources */ = {
			isa = PBXResourcesBuildPhase;
			buildActionMask = 2147483647;
			files = (
			);
			runOnlyForDeploymentPostprocessing = 0;
		};
		E9C08BD42C8B21C100DCA1CE /* Resources */ = {
			isa = PBXResourcesBuildPhase;
			buildActionMask = 2147483647;
			files = (
			);
			runOnlyForDeploymentPostprocessing = 0;
		};
/* End PBXResourcesBuildPhase section */

/* Begin PBXSourcesBuildPhase section */
		E9C08BB82C8B21C000DCA1CE /* Sources */ = {
			isa = PBXSourcesBuildPhase;
			buildActionMask = 2147483647;
			files = (
				E9C08BC22C8B21C000DCA1CE /* ContentView.swift in Sources */,
				E9C08BC02C8B21C000DCA1CE /* VaskApp.swift in Sources */,
			);
			runOnlyForDeploymentPostprocessing = 0;
		};
		E9C08BC82C8B21C100DCA1CE /* Sources */ = {
			isa = PBXSourcesBuildPhase;
			buildActionMask = 2147483647;
			files = (
				E9C08BD12C8B21C100DCA1CE /* VaskTests.swift in Sources */,
			);
			runOnlyForDeploymentPostprocessing = 0;
		};
		E9C08BD22C8B21C100DCA1CE /* Sources */ = {
			isa = PBXSourcesBuildPhase;
			buildActionMask = 2147483647;
			files = (
				E9C08BDB2C8B21C100DCA1CE /* VaskUITests.swift in Sources */,
				E9C08BDD2C8B21C100DCA1CE /* VaskUITestsLaunchTests.swift in Sources */,
			);
			runOnlyForDeploymentPostprocessing = 0;
		};
/* End PBXSourcesBuildPhase section */

/* Begin PBXTargetDependency section */
		E9C08BCE2C8B21C100DCA1CE /* PBXTargetDependency */ = {
			isa = PBXTargetDependency;
			target = E9C08BBB2C8B21C000DCA1CE /* Vask */;
			targetProxy = E9C08BCD2C8B21C100DCA1CE /* PBXContainerItemProxy */;
		};
		E9C08BD82C8B21C100DCA1CE /* PBXTargetDependency */ = {
			isa = PBXTargetDependency;
			target = E9C08BBB2C8B21C000DCA1CE /* Vask */;
			targetProxy = E9C08BD72C8B21C100DCA1CE /* PBXContainerItemProxy */;
		};
/* End PBXTargetDependency section */

/* Begin XCBuildConfiguration section */
		E9C08BDE2C8B21C100DCA1CE /* Debug */ = {
			isa = XCBuildConfiguration;
			buildSettings = {
				ALWAYS_SEARCH_USER_PATHS = NO;
				ASSETCATALOG_COMPILER_GENERATE_SWIFT_ASSET_SYMBOL_EXTENSIONS = YES;
				CLANG_ANALYZER_NONNULL = YES;
				CLANG_ANALYZER_NUMBER_OBJECT_CONVERSION = YES_AGGRESSIVE;
				CLANG_CXX_LANGUAGE_STANDARD = "gnu++20";
				CLANG_ENABLE_MODULES = YES;
				CLANG_ENABLE_OBJC_ARC = YES;
				CLANG_ENABLE_OBJC_WEAK = YES;
				CLANG_WARN_BLOCK_CAPTURE_AUTORELEASING = YES;
				CLANG_WARN_BOOL_CONVERSION = YES;
				CLANG_WARN_COMMA = YES;
				CLANG_WARN_CONSTANT_CONVERSION = YES;
				CLANG_WARN_DEPRECATED_OBJC_IMPLEMENTATIONS = YES;
				CLANG_WARN_DIRECT_OBJC_ISA_USAGE = YES_ERROR;
				CLANG_WARN_DOCUMENTATION_COMMENTS = YES;
				CLANG_WARN_EMPTY_BODY = YES;
				CLANG_WARN_ENUM_CONVERSION = YES;
				CLANG_WARN_INFINITE_RECURSION = YES;
				CLANG_WARN_INT_CONVERSION = YES;
				CLANG_WARN_NON_LITERAL_NULL_CONVERSION = YES;
				CLANG_WARN_OBJC_IMPLICIT_RETAIN_SELF = YES;
				CLANG_WARN_OBJC_LITERAL_CONVERSION = YES;
				CLANG_WARN_OBJC_ROOT_CLASS = YES_ERROR;
				CLANG_WARN_QUOTED_INCLUDE_IN_FRAMEWORK_HEADER = YES;
				CLANG_WARN_RANGE_LOOP_ANALYSIS = YES;
				CLANG_WARN_STRICT_PROTOTYPES = YES;
				CLANG_WARN_SUSPICIOUS_MOVE = YES;
				CLANG_WARN_UNGUARDED_AVAILABILITY = YES_AGGRESSIVE;
				CLANG_WARN_UNREACHABLE_CODE = YES;
				CLANG_WARN__DUPLICATE_METHOD_MATCH = YES;
				COPY_PHASE_STRIP = NO;
				DEBUG_INFORMATION_FORMAT = dwarf;
				ENABLE_STRICT_OBJC_MSGSEND = YES;
				ENABLE_TESTABILITY = YES;
				ENABLE_USER_SCRIPT_SANDBOXING = YES;
				GCC_C_LANGUAGE_STANDARD = gnu17;
				GCC_DYNAMIC_NO_PIC = NO;
				GCC_NO_COMMON_BLOCKS = YES;
				GCC_OPTIMIZATION_LEVEL = 0;
				GCC_PREPROCESSOR_DEFINITIONS = (
					"DEBUG=1",
					"$(inherited)",
				);
				GCC_WARN_64_TO_32_BIT_CONVERSION = YES;
				GCC_WARN_ABOUT_RETURN_TYPE = YES_ERROR;
				GCC_WARN_UNDECLARED_SELECTOR = YES;
				GCC_WARN_UNINITIALIZED_AUTOS = YES_AGGRESSIVE;
				GCC_WARN_UNUSED_FUNCTION = YES;
				GCC_WARN_UNUSED_VARIABLE = YES;
				IPHONEOS_DEPLOYMENT_TARGET = 17.4;
				LOCALIZATION_PREFERS_STRING_CATALOGS = YES;
				MTL_ENABLE_DEBUG_INFO = INCLUDE_SOURCE;
				MTL_FAST_MATH = YES;
				ONLY_ACTIVE_ARCH = YES;
				SDKROOT = iphoneos;
				SWIFT_ACTIVE_COMPILATION_CONDITIONS = "DEBUG $(inherited)";
				SWIFT_OPTIMIZATION_LEVEL = "-Onone";
			};
			name = Debug;
		};
		E9C08BDF2C8B21C100DCA1CE /* Release */ = {
			isa = XCBuildConfiguration;
			buildSettings = {
				ALWAYS_SEARCH_USER_PATHS = NO;
				ASSETCATALOG_COMPILER_GENERATE_SWIFT_ASSET_SYMBOL_EXTENSIONS = YES;
				CLANG_ANALYZER_NONNULL = YES;
				CLANG_ANALYZER_NUMBER_OBJECT_CONVERSION = YES_AGGRESSIVE;
				CLANG_CXX_LANGUAGE_STANDARD = "gnu++20";
				CLANG_ENABLE_MODULES = YES;
				CLANG_ENABLE_OBJC_ARC = YES;
				CLANG_ENABLE_OBJC_WEAK = YES;
				CLANG_WARN_BLOCK_CAPTURE_AUTORELEASING = YES;
				CLANG_WARN_BOOL_CONVERSION = YES;
				CLANG_WARN_COMMA = YES;
				CLANG_WARN_CONSTANT_CONVERSION = YES;
				CLANG_WARN_DEPRECATED_OBJC_IMPLEMENTATIONS = YES;
				CLANG_WARN_DIRECT_OBJC_ISA_USAGE = YES_ERROR;
				CLANG_WARN_DOCUMENTATION_COMMENTS = YES;
				CLANG_WARN_EMPTY_BODY = YES;
				CLANG_WARN_ENUM_CONVERSION = YES;
				CLANG_WARN_INFINITE_RECURSION = YES;
				CLANG_WARN_INT_CONVERSION = YES;
				CLANG_WARN_NON_LITERAL_NULL_CONVERSION = YES;
				CLANG_WARN_OBJC_IMPLICIT_RETAIN_SELF = YES;
				CLANG_WARN_OBJC_LITERAL_CONVERSION = YES;
				CLANG_WARN_OBJC_ROOT_CLASS = YES_ERROR;
				CLANG_WARN_QUOTED_INCLUDE_IN_FRAMEWORK_HEADER = YES;
				CLANG_WARN_RANGE_LOOP_ANALYSIS = YES;
				CLANG_WARN_STRICT_PROTOTYPES = YES;
				CLANG_WARN_SUSPICIOUS_MOVE = YES;
				CLANG_WARN_UNGUARDED_AVAILABILITY = YES_AGGRESSIVE;
				CLANG_WARN_UNREACHABLE_CODE = YES;
				CLANG_WARN__DUPLICATE_METHOD_MATCH = YES;
				COPY_PHASE_STRIP = NO;
				DEBUG_INFORMATION_FORMAT = "dwarf-with-dsym";
				ENABLE_NS_ASSERTIONS = NO;
				ENABLE_STRICT_OBJC_MSGSEND = YES;
				ENABLE_USER_SCRIPT_SANDBOXING = YES;
				GCC_C_LANGUAGE_STANDARD = gnu17;
				GCC_NO_COMMON_BLOCKS = YES;
				GCC_WARN_64_TO_32_BIT_CONVERSION = YES;
				GCC_WARN_ABOUT_RETURN_TYPE = YES_ERROR;
				GCC_WARN_UNDECLARED_SELECTOR = YES;
				GCC_WARN_UNINITIALIZED_AUTOS = YES_AGGRESSIVE;
				GCC_WARN_UNUSED_FUNCTION = YES;
				GCC_WARN_UNUSED_VARIABLE = YES;
				IPHONEOS_DEPLOYMENT_TARGET = 17.4;
				LOCALIZATION_PREFERS_STRING_CATALOGS = YES;
				MTL_ENABLE_DEBUG_INFO = NO;
				MTL_FAST_MATH = YES;
				SDKROOT = iphoneos;
				SWIFT_COMPILATION_MODE = wholemodule;
				VALIDATE_PRODUCT = YES;
			};
			name = Release;
		};
		E9C08BE12C8B21C100DCA1CE /* Debug */ = {
			isa = XCBuildConfiguration;
			buildSettings = {
				ASSETCATALOG_COMPILER_APPICON_NAME = AppIcon;
				ASSETCATALOG_COMPILER_GLOBAL_ACCENT_COLOR_NAME = AccentColor;
				CODE_SIGN_STYLE = Automatic;
				CURRENT_PROJECT_VERSION = 1;
				DEVELOPMENT_ASSET_PATHS = "\"Vask/Preview Content\"";
				DEVELOPMENT_TEAM = RDBBF5GZZ8;
				ENABLE_PREVIEWS = YES;
				GENERATE_INFOPLIST_FILE = YES;
				INFOPLIST_KEY_UIApplicationSceneManifest_Generation = YES;
				INFOPLIST_KEY_UIApplicationSupportsIndirectInputEvents = YES;
				INFOPLIST_KEY_UILaunchScreen_Generation = YES;
				INFOPLIST_KEY_UISupportedInterfaceOrientations_iPad = "UIInterfaceOrientationPortrait UIInterfaceOrientationPortraitUpsideDown UIInterfaceOrientationLandscapeLeft UIInterfaceOrientationLandscapeRight";
				INFOPLIST_KEY_UISupportedInterfaceOrientations_iPhone = "UIInterfaceOrientationPortrait UIInterfaceOrientationLandscapeLeft UIInterfaceOrientationLandscapeRight";
				LD_RUNPATH_SEARCH_PATHS = (
					"$(inherited)",
					"@executable_path/Frameworks",
				);
				MARKETING_VERSION = 1.0;
				PRODUCT_BUNDLE_IDENTIFIER = "jrarrow23-gmail.com.Vask";
				PRODUCT_NAME = "$(TARGET_NAME)";
				SWIFT_EMIT_LOC_STRINGS = YES;
				SWIFT_VERSION = 5.0;
				TARGETED_DEVICE_FAMILY = "1,2";
			};
			name = Debug;
		};
		E9C08BE22C8B21C100DCA1CE /* Release */ = {
			isa = XCBuildConfiguration;
			buildSettings = {
				ASSETCATALOG_COMPILER_APPICON_NAME = AppIcon;
				ASSETCATALOG_COMPILER_GLOBAL_ACCENT_COLOR_NAME = AccentColor;
				CODE_SIGN_STYLE = Automatic;
				CURRENT_PROJECT_VERSION = 1;
				DEVELOPMENT_ASSET_PATHS = "\"Vask/Preview Content\"";
				DEVELOPMENT_TEAM = RDBBF5GZZ8;
				ENABLE_PREVIEWS = YES;
				GENERATE_INFOPLIST_FILE = YES;
				INFOPLIST_KEY_UIApplicationSceneManifest_Generation = YES;
				INFOPLIST_KEY_UIApplicationSupportsIndirectInputEvents = YES;
				INFOPLIST_KEY_UILaunchScreen_Generation = YES;
				INFOPLIST_KEY_UISupportedInterfaceOrientations_iPad = "UIInterfaceOrientationPortrait UIInterfaceOrientationPortraitUpsideDown UIInterfaceOrientationLandscapeLeft UIInterfaceOrientationLandscapeRight";
				INFOPLIST_KEY_UISupportedInterfaceOrientations_iPhone = "UIInterfaceOrientationPortrait UIInterfaceOrientationLandscapeLeft UIInterfaceOrientationLandscapeRight";
				LD_RUNPATH_SEARCH_PATHS = (
					"$(inherited)",
					"@executable_path/Frameworks",
				);
				MARKETING_VERSION = 1.0;
				PRODUCT_BUNDLE_IDENTIFIER = "jrarrow23-gmail.com.Vask";
				PRODUCT_NAME = "$(TARGET_NAME)";
				SWIFT_EMIT_LOC_STRINGS = YES;
				SWIFT_VERSION = 5.0;
				TARGETED_DEVICE_FAMILY = "1,2";
			};
			name = Release;
		};
		E9C08BE42C8B21C100DCA1CE /* Debug */ = {
			isa = XCBuildConfiguration;
			buildSettings = {
				ALWAYS_EMBED_SWIFT_STANDARD_LIBRARIES = YES;
				BUNDLE_LOADER = "$(TEST_HOST)";
				CODE_SIGN_STYLE = Automatic;
				CURRENT_PROJECT_VERSION = 1;
				DEVELOPMENT_TEAM = RDBBF5GZZ8;
				GENERATE_INFOPLIST_FILE = YES;
				IPHONEOS_DEPLOYMENT_TARGET = 17.4;
				MARKETING_VERSION = 1.0;
				PRODUCT_BUNDLE_IDENTIFIER = "jrarrow23-gmail.com.VaskTests";
				PRODUCT_NAME = "$(TARGET_NAME)";
				SWIFT_EMIT_LOC_STRINGS = NO;
				SWIFT_VERSION = 5.0;
				TARGETED_DEVICE_FAMILY = "1,2";
				TEST_HOST = "$(BUILT_PRODUCTS_DIR)/Vask.app/$(BUNDLE_EXECUTABLE_FOLDER_PATH)/Vask";
			};
			name = Debug;
		};
		E9C08BE52C8B21C100DCA1CE /* Release */ = {
			isa = XCBuildConfiguration;
			buildSettings = {
				ALWAYS_EMBED_SWIFT_STANDARD_LIBRARIES = YES;
				BUNDLE_LOADER = "$(TEST_HOST)";
				CODE_SIGN_STYLE = Automatic;
				CURRENT_PROJECT_VERSION = 1;
				DEVELOPMENT_TEAM = RDBBF5GZZ8;
				GENERATE_INFOPLIST_FILE = YES;
				IPHONEOS_DEPLOYMENT_TARGET = 17.4;
				MARKETING_VERSION = 1.0;
				PRODUCT_BUNDLE_IDENTIFIER = "jrarrow23-gmail.com.VaskTests";
				PRODUCT_NAME = "$(TARGET_NAME)";
				SWIFT_EMIT_LOC_STRINGS = NO;
				SWIFT_VERSION = 5.0;
				TARGETED_DEVICE_FAMILY = "1,2";
				TEST_HOST = "$(BUILT_PRODUCTS_DIR)/Vask.app/$(BUNDLE_EXECUTABLE_FOLDER_PATH)/Vask";
			};
			name = Release;
		};
		E9C08BE72C8B21C100DCA1CE /* Debug */ = {
			isa = XCBuildConfiguration;
			buildSettings = {
				ALWAYS_EMBED_SWIFT_STANDARD_LIBRARIES = YES;
				CODE_SIGN_STYLE = Automatic;
				CURRENT_PROJECT_VERSION = 1;
				DEVELOPMENT_TEAM = RDBBF5GZZ8;
				GENERATE_INFOPLIST_FILE = YES;
				MARKETING_VERSION = 1.0;
				PRODUCT_BUNDLE_IDENTIFIER = "jrarrow23-gmail.com.VaskUITests";
				PRODUCT_NAME = "$(TARGET_NAME)";
				SWIFT_EMIT_LOC_STRINGS = NO;
				SWIFT_VERSION = 5.0;
				TARGETED_DEVICE_FAMILY = "1,2";
				TEST_TARGET_NAME = Vask;
			};
			name = Debug;
		};
		E9C08BE82C8B21C100DCA1CE /* Release */ = {
			isa = XCBuildConfiguration;
			buildSettings = {
				ALWAYS_EMBED_SWIFT_STANDARD_LIBRARIES = YES;
				CODE_SIGN_STYLE = Automatic;
				CURRENT_PROJECT_VERSION = 1;
				DEVELOPMENT_TEAM = RDBBF5GZZ8;
				GENERATE_INFOPLIST_FILE = YES;
				MARKETING_VERSION = 1.0;
				PRODUCT_BUNDLE_IDENTIFIER = "jrarrow23-gmail.com.VaskUITests";
				PRODUCT_NAME = "$(TARGET_NAME)";
				SWIFT_EMIT_LOC_STRINGS = NO;
				SWIFT_VERSION = 5.0;
				TARGETED_DEVICE_FAMILY = "1,2";
				TEST_TARGET_NAME = Vask;
			};
			name = Release;
		};
/* End XCBuildConfiguration section */

/* Begin XCConfigurationList section */
		E9C08BB72C8B21C000DCA1CE /* Build configuration list for PBXProject "Vask" */ = {
			isa = XCConfigurationList;
			buildConfigurations = (
				E9C08BDE2C8B21C100DCA1CE /* Debug */,
				E9C08BDF2C8B21C100DCA1CE /* Release */,
			);
			defaultConfigurationIsVisible = 0;
			defaultConfigurationName = Release;
		};
		E9C08BE02C8B21C100DCA1CE /* Build configuration list for PBXNativeTarget "Vask" */ = {
			isa = XCConfigurationList;
			buildConfigurations = (
				E9C08BE12C8B21C100DCA1CE /* Debug */,
				E9C08BE22C8B21C100DCA1CE /* Release */,
			);
			defaultConfigurationIsVisible = 0;
			defaultConfigurationName = Release;
		};
		E9C08BE32C8B21C100DCA1CE /* Build configuration list for PBXNativeTarget "VaskTests" */ = {
			isa = XCConfigurationList;
			buildConfigurations = (
				E9C08BE42C8B21C100DCA1CE /* Debug */,
				E9C08BE52C8B21C100DCA1CE /* Release */,
			);
			defaultConfigurationIsVisible = 0;
			defaultConfigurationName = Release;
		};
		E9C08BE62C8B21C100DCA1CE /* Build configuration list for PBXNativeTarget "VaskUITests" */ = {
			isa = XCConfigurationList;
			buildConfigurations = (
				E9C08BE72C8B21C100DCA1CE /* Debug */,
				E9C08BE82C8B21C100DCA1CE /* Release */,
			);
			defaultConfigurationIsVisible = 0;
			defaultConfigurationName = Release;
		};
/* End XCConfigurationList section */
	};
	rootObject = E9C08BB42C8B21C000DCA1CE /* Project object */;
}
